
Microsoft Visual Studio Solution File, Format Version 12.00
# Visual Studio Version 17
VisualStudioVersion = 17.10.35027.167
MinimumVisualStudioVersion = 10.0.40219.1
Project("{FAE04EC0-301F-11D3-BF4B-00C04F79EFBC}") = "AspNetCoreEmpty", "AspNetCoreEmpty\AspNetCoreEmpty.csproj", "{CE6FA4CF-D228-4E3F-99FA-52208A1B3B6E}"
EndProject
Global
	GlobalSection(SolutionConfigurationPlatforms) = preSolution
		Debug|Any CPU = Debug|Any CPU
		Release|Any CPU = Release|Any CPU
	EndGlobalSection
	GlobalSection(ProjectConfigurationPlatforms) = postSolution
		{CE6FA4CF-D228-4E3F-99FA-52208A1B3B6E}.Debug|Any CPU.ActiveCfg = Debug|Any CPU
		{CE6FA4CF-D228-4E3F-99FA-52208A1B3B6E}.Debug|Any CPU.Build.0 = Debug|Any CPU
		{CE6FA4CF-D228-4E3F-99FA-52208A1B3B6E}.Release|Any CPU.ActiveCfg = Release|Any CPU
		{CE6FA4CF-D228-4E3F-99FA-52208A1B3B6E}.Release|Any CPU.Build.0 = Release|Any CPU
	EndGlobalSection
	GlobalSection(SolutionProperties) = preSolution
		HideSolutionNode = FALSE
	EndGlobalSection
	GlobalSection(ExtensibilityGlobals) = postSolution
		SolutionGuid = {D4698DD4-088E-4024-B2E4-6E1D01F5EAF0}
	EndGlobalSection
EndGlobal
